
Microsoft Visual Studio Solution File, Format Version 12.00
# Visual Studio 15
VisualStudioVersion = 15.0.26403.0
MinimumVisualStudioVersion = 10.0.40219.1
Project("{FAE04EC0-301F-11D3-BF4B-00C04F79EFBC}") = "API.Generation", "API.Generation\API.Generation.csproj", "{703F2B92-A781-41FF-90AC-3B5C3EEE3B67}"
EndProject
Project("{FAE04EC0-301F-11D3-BF4B-00C04F79EFBC}") = "API.Generation.Support", "API.Generation.Support\API.Generation.Support.csproj", "{DC7349EE-FC93-4AD2-8D72-9ACF3A27EEFF}"
EndProject
Project("{FAE04EC0-301F-11D3-BF4B-00C04F79EFBC}") = "EF.Example", "EF.Example\EF.Example.csproj", "{A8A54DB4-E00E-40BF-858E-46998085E8CF}"
EndProject
Project("{FAE04EC0-301F-11D3-BF4B-00C04F79EFBC}") = "API.T4.Templates", "API.T4.Templates\API.T4.Templates.csproj", "{E50E82CB-2334-4185-AA6E-6DD0A41BA1E5}"
EndProject
Project("{FAE04EC0-301F-11D3-BF4B-00C04F79EFBC}") = "Generated.OData.EF.API", "Generated.OData.EF.API\Generated.OData.EF.API.csproj", "{AA6DF69C-B42F-4084-8F93-F4D965BAC44E}"
EndProject
Global
	GlobalSection(SolutionConfigurationPlatforms) = preSolution
		Debug|Any CPU = Debug|Any CPU
		Release|Any CPU = Release|Any CPU
	EndGlobalSection
	GlobalSection(ProjectConfigurationPlatforms) = postSolution
		{703F2B92-A781-41FF-90AC-3B5C3EEE3B67}.Debug|Any CPU.ActiveCfg = Debug|Any CPU
		{703F2B92-A781-41FF-90AC-3B5C3EEE3B67}.Debug|Any CPU.Build.0 = Debug|Any CPU
		{703F2B92-A781-41FF-90AC-3B5C3EEE3B67}.Release|Any CPU.ActiveCfg = Release|Any CPU
		{703F2B92-A781-41FF-90AC-3B5C3EEE3B67}.Release|Any CPU.Build.0 = Release|Any CPU
		{DC7349EE-FC93-4AD2-8D72-9ACF3A27EEFF}.Debug|Any CPU.ActiveCfg = Debug|Any CPU
		{DC7349EE-FC93-4AD2-8D72-9ACF3A27EEFF}.Debug|Any CPU.Build.0 = Debug|Any CPU
		{DC7349EE-FC93-4AD2-8D72-9ACF3A27EEFF}.Release|Any CPU.ActiveCfg = Release|Any CPU
		{DC7349EE-FC93-4AD2-8D72-9ACF3A27EEFF}.Release|Any CPU.Build.0 = Release|Any CPU
		{A8A54DB4-E00E-40BF-858E-46998085E8CF}.Debug|Any CPU.ActiveCfg = Debug|Any CPU
		{A8A54DB4-E00E-40BF-858E-46998085E8CF}.Debug|Any CPU.Build.0 = Debug|Any CPU
		{A8A54DB4-E00E-40BF-858E-46998085E8CF}.Release|Any CPU.ActiveCfg = Release|Any CPU
		{A8A54DB4-E00E-40BF-858E-46998085E8CF}.Release|Any CPU.Build.0 = Release|Any CPU
		{E50E82CB-2334-4185-AA6E-6DD0A41BA1E5}.Debug|Any CPU.ActiveCfg = Debug|Any CPU
		{E50E82CB-2334-4185-AA6E-6DD0A41BA1E5}.Debug|Any CPU.Build.0 = Debug|Any CPU
		{E50E82CB-2334-4185-AA6E-6DD0A41BA1E5}.Release|Any CPU.ActiveCfg = Release|Any CPU
		{E50E82CB-2334-4185-AA6E-6DD0A41BA1E5}.Release|Any CPU.Build.0 = Release|Any CPU
		{AA6DF69C-B42F-4084-8F93-F4D965BAC44E}.Debug|Any CPU.ActiveCfg = Debug|Any CPU
		{AA6DF69C-B42F-4084-8F93-F4D965BAC44E}.Debug|Any CPU.Build.0 = Debug|Any CPU
		{AA6DF69C-B42F-4084-8F93-F4D965BAC44E}.Release|Any CPU.ActiveCfg = Release|Any CPU
		{AA6DF69C-B42F-4084-8F93-F4D965BAC44E}.Release|Any CPU.Build.0 = Release|Any CPU
	EndGlobalSection
	GlobalSection(SolutionProperties) = preSolution
		HideSolutionNode = FALSE
	EndGlobalSection
EndGlobal
